// !$*UTF8*$!
{
	archiveVersion = 1;
	classes = {
	};
	objectVersion = 50;
	objects = {

/* Begin PBXBuildFile section */
		2ACD3F72AE88966EDFF75F0A /* Pods_HelloAlamoFire.framework in Frameworks */ = {isa = PBXBuildFile; fileRef = 07FBC5F5B3BAAF4656B866B8 /* Pods_HelloAlamoFire.framework */; };
		9EE8DF15222F73B9008426CC /* AppDelegate.swift in Sources */ = {isa = PBXBuildFile; fileRef = 9EE8DF14222F73B9008426CC /* AppDelegate.swift */; };
		9EE8DF17222F73B9008426CC /* ViewController.swift in Sources */ = {isa = PBXBuildFile; fileRef = 9EE8DF16222F73B9008426CC /* ViewController.swift */; };
		9EE8DF1A222F73B9008426CC /* Main.storyboard in Resources */ = {isa = PBXBuildFile; fileRef = 9EE8DF18222F73B9008426CC /* Main.storyboard */; };
		9EE8DF1C222F73BA008426CC /* Assets.xcassets in Resources */ = {isa = PBXBuildFile; fileRef = 9EE8DF1B222F73BA008426CC /* Assets.xcassets */; };
		9EE8DF1F222F73BA008426CC /* LaunchScreen.storyboard in Resources */ = {isa = PBXBuildFile; fileRef = 9EE8DF1D222F73BA008426CC /* LaunchScreen.storyboard */; };
/* End PBXBuildFile section */

/* Begin PBXFileReference section */
		07FBC5F5B3BAAF4656B866B8 /* Pods_HelloAlamoFire.framework */ = {isa = PBXFileReference; explicitFileType = wrapper.framework; includeInIndex = 0; path = Pods_HelloAlamoFire.framework; sourceTree = BUILT_PRODUCTS_DIR; };
		1DD3FA68AFA820771AF79813 /* Pods-HelloAlamoFire.release.xcconfig */ = {isa = PBXFileReference; includeInIndex = 1; lastKnownFileType = text.xcconfig; name = "Pods-HelloAlamoFire.release.xcconfig"; path = "Pods/Target Support Files/Pods-HelloAlamoFire/Pods-HelloAlamoFire.release.xcconfig"; sourceTree = "<group>"; };
		9EE8DF11222F73B9008426CC /* HelloAlamoFire.app */ = {isa = PBXFileReference; explicitFileType = wrapper.application; includeInIndex = 0; path = HelloAlamoFire.app; sourceTree = BUILT_PRODUCTS_DIR; };
		9EE8DF14222F73B9008426CC /* AppDelegate.swift */ = {isa = PBXFileReference; lastKnownFileType = sourcecode.swift; path = AppDelegate.swift; sourceTree = "<group>"; };
		9EE8DF16222F73B9008426CC /* ViewController.swift */ = {isa = PBXFileReference; lastKnownFileType = sourcecode.swift; path = ViewController.swift; sourceTree = "<group>"; };
		9EE8DF19222F73B9008426CC /* Base */ = {isa = PBXFileReference; lastKnownFileType = file.storyboard; name = Base; path = Base.lproj/Main.storyboard; sourceTree = "<group>"; };
		9EE8DF1B222F73BA008426CC /* Assets.xcassets */ = {isa = PBXFileReference; lastKnownFileType = folder.assetcatalog; path = Assets.xcassets; sourceTree = "<group>"; };
		9EE8DF1E222F73BA008426CC /* Base */ = {isa = PBXFileReference; lastKnownFileType = file.storyboard; name = Base; path = Base.lproj/LaunchScreen.storyboard; sourceTree = "<group>"; };
		9EE8DF20222F73BA008426CC /* Info.plist */ = {isa = PBXFileReference; lastKnownFileType = text.plist.xml; path = Info.plist; sourceTree = "<group>"; };
		9F8E811312C8308A302A9774 /* Pods-HelloAlamoFire.debug.xcconfig */ = {isa = PBXFileReference; includeInIndex = 1; lastKnownFileType = text.xcconfig; name = "Pods-HelloAlamoFire.debug.xcconfig"; path = "Pods/Target Support Files/Pods-HelloAlamoFire/Pods-HelloAlamoFire.debug.xcconfig"; sourceTree = "<group>"; };
/* End PBXFileReference section */

/* Begin PBXFrameworksBuildPhase section */
		9EE8DF0E222F73B9008426CC /* Frameworks */ = {
			isa = PBXFrameworksBuildPhase;
			buildActionMask = 2147483647;
			files = (
				2ACD3F72AE88966EDFF75F0A /* Pods_HelloAlamoFire.framework in Frameworks */,
			);
			runOnlyForDeploymentPostprocessing = 0;
		};
/* End PBXFrameworksBuildPhase section */

/* Begin PBXGroup section */
		9EE8DF08222F73B9008426CC = {
			isa = PBXGroup;
			children = (
				9EE8DF13222F73B9008426CC /* HelloAlamoFire */,
				9EE8DF12222F73B9008426CC /* Products */,
				CDA2BF65C4E0E8324C19F557 /* Pods */,
				FF6FF9B80CFDD9F870D2EBB2 /* Frameworks */,
			);
			sourceTree = "<group>";
		};
		9EE8DF12222F73B9008426CC /* Products */ = {
			isa = PBXGroup;
			children = (
				9EE8DF11222F73B9008426CC /* HelloAlamoFire.app */,
			);
			name = Products;
			sourceTree = "<group>";
		};
		9EE8DF13222F73B9008426CC /* HelloAlamoFire */ = {
			isa = PBXGroup;
			children = (
				9EE8DF14222F73B9008426CC /* AppDelegate.swift */,
				9EE8DF16222F73B9008426CC /* ViewController.swift */,
				9EE8DF18222F73B9008426CC /* Main.storyboard */,
				9EE8DF1B222F73BA008426CC /* Assets.xcassets */,
				9EE8DF1D222F73BA008426CC /* LaunchScreen.storyboard */,
				9EE8DF20222F73BA008426CC /* Info.plist */,
			);
			path = HelloAlamoFire;
			sourceTree = "<group>";
		};
		CDA2BF65C4E0E8324C19F557 /* Pods */ = {
			isa = PBXGroup;
			children = (
				9F8E811312C8308A302A9774 /* Pods-HelloAlamoFire.debug.xcconfig */,
				1DD3FA68AFA820771AF79813 /* Pods-HelloAlamoFire.release.xcconfig */,
			);
			name = Pods;
			sourceTree = "<group>";
		};
		FF6FF9B80CFDD9F870D2EBB2 /* Frameworks */ = {
			isa = PBXGroup;
			children = (
				07FBC5F5B3BAAF4656B866B8 /* Pods_HelloAlamoFire.framework */,
			);
			name = Frameworks;
			sourceTree = "<group>";
		};
/* End PBXGroup section */

/* Begin PBXNativeTarget section */
		9EE8DF10222F73B9008426CC /* HelloAlamoFire */ = {
			isa = PBXNativeTarget;
			buildConfigurationList = 9EE8DF23222F73BA008426CC /* Build configuration list for PBXNativeTarget "HelloAlamoFire" */;
			buildPhases = (
				F91EF743FBAFA1414301B4EC /* [CP] Check Pods Manifest.lock */,
				9EE8DF0D222F73B9008426CC /* Sources */,
				9EE8DF0E222F73B9008426CC /* Frameworks */,
				9EE8DF0F222F73B9008426CC /* Resources */,
				EE1FC567B93D19730E49A930 /* [CP] Embed Pods Frameworks */,
			);
			buildRules = (
			);
			dependencies = (
			);
			name = HelloAlamoFire;
			productName = HelloAlamoFire;
			productReference = 9EE8DF11222F73B9008426CC /* HelloAlamoFire.app */;
			productType = "com.apple.product-type.application";
		};
/* End PBXNativeTarget section */

/* Begin PBXProject section */
		9EE8DF09222F73B9008426CC /* Project object */ = {
			isa = PBXProject;
			attributes = {
				LastSwiftUpdateCheck = 1010;
				LastUpgradeCheck = 1010;
				ORGANIZATIONNAME = "Sebastian Buys";
				TargetAttributes = {
					9EE8DF10222F73B9008426CC = {
						CreatedOnToolsVersion = 10.1;
					};
				};
			};
			buildConfigurationList = 9EE8DF0C222F73B9008426CC /* Build configuration list for PBXProject "HelloAlamoFire" */;
			compatibilityVersion = "Xcode 9.3";
			developmentRegion = en;
			hasScannedForEncodings = 0;
			knownRegions = (
				en,
				Base,
			);
			mainGroup = 9EE8DF08222F73B9008426CC;
			productRefGroup = 9EE8DF12222F73B9008426CC /* Products */;
			projectDirPath = "";
			projectRoot = "";
			targets = (
				9EE8DF10222F73B9008426CC /* HelloAlamoFire */,
			);
		};
/* End PBXProject section */

/* Begin PBXResourcesBuildPhase section */
		9EE8DF0F222F73B9008426CC /* Resources */ = {
			isa = PBXResourcesBuildPhase;
			buildActionMask = 2147483647;
			files = (
				9EE8DF1F222F73BA008426CC /* LaunchScreen.storyboard in Resources */,
				9EE8DF1C222F73BA008426CC /* Assets.xcassets in Resources */,
				9EE8DF1A222F73B9008426CC /* Main.storyboard in Resources */,
			);
			runOnlyForDeploymentPostprocessing = 0;
		};
/* End PBXResourcesBuildPhase section */

/* Begin PBXShellScriptBuildPhase section */
		EE1FC567B93D19730E49A930 /* [CP] Embed Pods Frameworks */ = {
			isa = PBXShellScriptBuildPhase;
			buildActionMask = 2147483647;
			files = (
			);
			inputFileListPaths = (
			);
			inputPaths = (
				"${SRCROOT}/Pods/Target Support Files/Pods-HelloAlamoFire/Pods-HelloAlamoFire-frameworks.sh",
				"${BUILT_PRODUCTS_DIR}/Alamofire/Alamofire.framework",
				"${BUILT_PRODUCTS_DIR}/SwiftyJSON/SwiftyJSON.framework",
			);
			name = "[CP] Embed Pods Frameworks";
			outputFileListPaths = (
			);
			outputPaths = (
				"${TARGET_BUILD_DIR}/${FRAMEWORKS_FOLDER_PATH}/Alamofire.framework",
				"${TARGET_BUILD_DIR}/${FRAMEWORKS_FOLDER_PATH}/SwiftyJSON.framework",
			);
			runOnlyForDeploymentPostprocessing = 0;
			shellPath = /bin/sh;
			shellScript = "\"${SRCROOT}/Pods/Target Support Files/Pods-HelloAlamoFire/Pods-HelloAlamoFire-frameworks.sh\"\n";
			showEnvVarsInLog = 0;
		};
		F91EF743FBAFA1414301B4EC /* [CP] Check Pods Manifest.lock */ = {
			isa = PBXShellScriptBuildPhase;
			buildActionMask = 2147483647;
			files = (
			);
			inputFileListPaths = (
			);
			inputPaths = (
				"${PODS_PODFILE_DIR_PATH}/Podfile.lock",
				"${PODS_ROOT}/Manifest.lock",
			);
			name = "[CP] Check Pods Manifest.lock";
			outputFileListPaths = (
			);
			outputPaths = (
				"$(DERIVED_FILE_DIR)/Pods-HelloAlamoFire-checkManifestLockResult.txt",
			);
			runOnlyForDeploymentPostprocessing = 0;
			shellPath = /bin/sh;
			shellScript = "diff \"${PODS_PODFILE_DIR_PATH}/Podfile.lock\" \"${PODS_ROOT}/Manifest.lock\" > /dev/null\nif [ $? != 0 ] ; then\n    # print error to STDERR\n    echo \"error: The sandbox is not in sync with the Podfile.lock. Run 'pod install' or update your CocoaPods installation.\" >&2\n    exit 1\nfi\n# This output is used by Xcode 'outputs' to avoid re-running this script phase.\necho \"SUCCESS\" > \"${SCRIPT_OUTPUT_FILE_0}\"\n";
			showEnvVarsInLog = 0;
		};
/* End PBXShellScriptBuildPhase section */

/* Begin PBXSourcesBuildPhase section */
		9EE8DF0D222F73B9008426CC /* Sources */ = {
			isa = PBXSourcesBuildPhase;
			buildActionMask = 2147483647;
			files = (
				9EE8DF17222F73B9008426CC /* ViewController.swift in Sources */,
				9EE8DF15222F73B9008426CC /* AppDelegate.swift in Sources */,
			);
			runOnlyForDeploymentPostprocessing = 0;
		};
/* End PBXSourcesBuildPhase section */

/* Begin PBXVariantGroup section */
		9EE8DF18222F73B9008426CC /* Main.storyboard */ = {
			isa = PBXVariantGroup;
			children = (
				9EE8DF19222F73B9008426CC /* Base */,
			);
			name = Main.storyboard;
			sourceTree = "<group>";
		};
		9EE8DF1D222F73BA008426CC /* LaunchScreen.storyboard */ = {
			isa = PBXVariantGroup;
			children = (
				9EE8DF1E222F73BA008426CC /* Base */,
			);
			name = LaunchScreen.storyboard;
			sourceTree = "<group>";
		};
/* End PBXVariantGroup section */

/* Begin XCBuildConfiguration section */
		9EE8DF21222F73BA008426CC /* Debug */ = {
			isa = XCBuildConfiguration;
			buildSettings = {
				ALWAYS_SEARCH_USER_PATHS = NO;
				CLANG_ANALYZER_NONNULL = YES;
				CLANG_ANALYZER_NUMBER_OBJECT_CONVERSION = YES_AGGRESSIVE;
				CLANG_CXX_LANGUAGE_STANDARD = "gnu++14";
				CLANG_CXX_LIBRARY = "libc++";
				CLANG_ENABLE_MODULES = YES;
				CLANG_ENABLE_OBJC_ARC = YES;
				CLANG_ENABLE_OBJC_WEAK = YES;
				CLANG_WARN_BLOCK_CAPTURE_AUTORELEASING = YES;
				CLANG_WARN_BOOL_CONVERSION = YES;
				CLANG_WARN_COMMA = YES;
				CLANG_WARN_CONSTANT_CONVERSION = YES;
				CLANG_WARN_DEPRECATED_OBJC_IMPLEMENTATIONS = YES;
				CLANG_WARN_DIRECT_OBJC_ISA_USAGE = YES_ERROR;
				CLANG_WARN_DOCUMENTATION_COMMENTS = YES;
				CLANG_WARN_EMPTY_BODY = YES;
				CLANG_WARN_ENUM_CONVERSION = YES;
				CLANG_WARN_INFINITE_RECURSION = YES;
				CLANG_WARN_INT_CONVERSION = YES;
				CLANG_WARN_NON_LITERAL_NULL_CONVERSION = YES;
				CLANG_WARN_OBJC_IMPLICIT_RETAIN_SELF = YES;
				CLANG_WARN_OBJC_LITERAL_CONVERSION = YES;
				CLANG_WARN_OBJC_ROOT_CLASS = YES_ERROR;
				CLANG_WARN_RANGE_LOOP_ANALYSIS = YES;
				CLANG_WARN_STRICT_PROTOTYPES = YES;
				CLANG_WARN_SUSPICIOUS_MOVE = YES;
				CLANG_WARN_UNGUARDED_AVAILABILITY = YES_AGGRESSIVE;
				CLANG_WARN_UNREACHABLE_CODE = YES;
				CLANG_WARN__DUPLICATE_METHOD_MATCH = YES;
				CODE_SIGN_IDENTITY = "iPhone Developer";
				COPY_PHASE_STRIP = NO;
				DEBUG_INFORMATION_FORMAT = dwarf;
				ENABLE_STRICT_OBJC_MSGSEND = YES;
				ENABLE_TESTABILITY = YES;
				GCC_C_LANGUAGE_STANDARD = gnu11;
				GCC_DYNAMIC_NO_PIC = NO;
				GCC_NO_COMMON_BLOCKS = YES;
				GCC_OPTIMIZATION_LEVEL = 0;
				GCC_PREPROCESSOR_DEFINITIONS = (
					"DEBUG=1",
					"$(inherited)",
				);
				GCC_WARN_64_TO_32_BIT_CONVERSION = YES;
				GCC_WARN_ABOUT_RETURN_TYPE = YES_ERROR;
				GCC_WARN_UNDECLARED_SELECTOR = YES;
				GCC_WARN_UNINITIALIZED_AUTOS = YES_AGGRESSIVE;
				GCC_WARN_UNUSED_FUNCTION = YES;
				GCC_WARN_UNUSED_VARIABLE = YES;
				IPHONEOS_DEPLOYMENT_TARGET = 12.1;
				MTL_ENABLE_DEBUG_INFO = INCLUDE_SOURCE;
				MTL_FAST_MATH = YES;
				ONLY_ACTIVE_ARCH = YES;
				SDKROOT = iphoneos;
				SWIFT_ACTIVE_COMPILATION_CONDITIONS = DEBUG;
				SWIFT_OPTIMIZATION_LEVEL = "-Onone";
			};
			name = Debug;
		};
		9EE8DF22222F73BA008426CC /* Release */ = {
			isa = XCBuildConfiguration;
			buildSettings = {
				ALWAYS_SEARCH_USER_PATHS = NO;
				CLANG_ANALYZER_NONNULL = YES;
				CLANG_ANALYZER_NUMBER_OBJECT_CONVERSION = YES_AGGRESSIVE;
				CLANG_CXX_LANGUAGE_STANDARD = "gnu++14";
				CLANG_CXX_LIBRARY = "libc++";
				CLANG_ENABLE_MODULES = YES;
				CLANG_ENABLE_OBJC_ARC = YES;
				CLANG_ENABLE_OBJC_WEAK = YES;
				CLANG_WARN_BLOCK_CAPTURE_AUTORELEASING = YES;
				CLANG_WARN_BOOL_CONVERSION = YES;
				CLANG_WARN_COMMA = YES;
				CLANG_WARN_CONSTANT_CONVERSION = YES;
				CLANG_WARN_DEPRECATED_OBJC_IMPLEMENTATIONS = YES;
				CLANG_WARN_DIRECT_OBJC_ISA_USAGE = YES_ERROR;
				CLANG_WARN_DOCUMENTATION_COMMENTS = YES;
				CLANG_WARN_EMPTY_BODY = YES;
				CLANG_WARN_ENUM_CONVERSION = YES;
				CLANG_WARN_INFINITE_RECURSION = YES;
				CLANG_WARN_INT_CONVERSION = YES;
				CLANG_WARN_NON_LITERAL_NULL_CONVERSION = YES;
				CLANG_WARN_OBJC_IMPLICIT_RETAIN_SELF = YES;
				CLANG_WARN_OBJC_LITERAL_CONVERSION = YES;
				CLANG_WARN_OBJC_ROOT_CLASS = YES_ERROR;
				CLANG_WARN_RANGE_LOOP_ANALYSIS = YES;
				CLANG_WARN_STRICT_PROTOTYPES = YES;
				CLANG_WARN_SUSPICIOUS_MOVE = YES;
				CLANG_WARN_UNGUARDED_AVAILABILITY = YES_AGGRESSIVE;
				CLANG_WARN_UNREACHABLE_CODE = YES;
				CLANG_WARN__DUPLICATE_METHOD_MATCH = YES;
				CODE_SIGN_IDENTITY = "iPhone Developer";
				COPY_PHASE_STRIP = NO;
				DEBUG_INFORMATION_FORMAT = "dwarf-with-dsym";
				ENABLE_NS_ASSERTIONS = NO;
				ENABLE_STRICT_OBJC_MSGSEND = YES;
				GCC_C_LANGUAGE_STANDARD = gnu11;
				GCC_NO_COMMON_BLOCKS = YES;
				GCC_WARN_64_TO_32_BIT_CONVERSION = YES;
				GCC_WARN_ABOUT_RETURN_TYPE = YES_ERROR;
				GCC_WARN_UNDECLARED_SELECTOR = YES;
				GCC_WARN_UNINITIALIZED_AUTOS = YES_AGGRESSIVE;
				GCC_WARN_UNUSED_FUNCTION = YES;
				GCC_WARN_UNUSED_VARIABLE = YES;
				IPHONEOS_DEPLOYMENT_TARGET = 12.1;
				MTL_ENABLE_DEBUG_INFO = NO;
				MTL_FAST_MATH = YES;
				SDKROOT = iphoneos;
				SWIFT_COMPILATION_MODE = wholemodule;
				SWIFT_OPTIMIZATION_LEVEL = "-O";
				VALIDATE_PRODUCT = YES;
			};
			name = Release;
		};
		9EE8DF24222F73BA008426CC /* Debug */ = {
			isa = XCBuildConfiguration;
			baseConfigurationReference = 9F8E811312C8308A302A9774 /* Pods-HelloAlamoFire.debug.xcconfig */;
			buildSettings = {
				ASSETCATALOG_COMPILER_APPICON_NAME = AppIcon;
				CODE_SIGN_STYLE = Automatic;
				DEVELOPMENT_TEAM = HY8AUX8L27;
				INFOPLIST_FILE = HelloAlamoFire/Info.plist;
				LD_RUNPATH_SEARCH_PATHS = (
					"$(inherited)",
					"@executable_path/Frameworks",
				);
				PRODUCT_BUNDLE_IDENTIFIER = com.linebreak.HelloAlamoFire;
				PRODUCT_NAME = "$(TARGET_NAME)";
				SWIFT_VERSION = 4.2;
				TARGETED_DEVICE_FAMILY = "1,2";
			};
			name = Debug;
		};
		9EE8DF25222F73BA008426CC /* Release */ = {
			isa = XCBuildConfiguration;
			baseConfigurationReference = 1DD3FA68AFA820771AF79813 /* Pods-HelloAlamoFire.release.xcconfig */;
			buildSettings = {
				ASSETCATALOG_COMPILER_APPICON_NAME = AppIcon;
				CODE_SIGN_STYLE = Automatic;
				DEVELOPMENT_TEAM = HY8AUX8L27;
				INFOPLIST_FILE = HelloAlamoFire/Info.plist;
				LD_RUNPATH_SEARCH_PATHS = (
					"$(inherited)",
					"@executable_path/Frameworks",
				);
				PRODUCT_BUNDLE_IDENTIFIER = com.linebreak.HelloAlamoFire;
				PRODUCT_NAME = "$(TARGET_NAME)";
				SWIFT_VERSION = 4.2;
				TARGETED_DEVICE_FAMILY = "1,2";
			};
			name = Release;
		};
/* End XCBuildConfiguration section */

/* Begin XCConfigurationList section */
		9EE8DF0C222F73B9008426CC /* Build configuration list for PBXProject "HelloAlamoFire" */ = {
			isa = XCConfigurationList;
			buildConfigurations = (
				9EE8DF21222F73BA008426CC /* Debug */,
				9EE8DF22222F73BA008426CC /* Release */,
			);
			defaultConfigurationIsVisible = 0;
			defaultConfigurationName = Release;
		};
		9EE8DF23222F73BA008426CC /* Build configuration list for PBXNativeTarget "HelloAlamoFire" */ = {
			isa = XCConfigurationList;
			buildConfigurations = (
				9EE8DF24222F73BA008426CC /* Debug */,
				9EE8DF25222F73BA008426CC /* Release */,
			);
			defaultConfigurationIsVisible = 0;
			defaultConfigurationName = Release;
		};
/* End XCConfigurationList section */
	};
	rootObject = 9EE8DF09222F73B9008426CC /* Project object */;
}
